// !$*UTF8*$!
{
	archiveVersion = 1;
	classes = {
	};
	objectVersion = 52;
	objects = {

/* Begin PBXBuildFile section */
		321BE6712381D0B6008750A9 /* NotificationCenter.framework in Frameworks */ = {isa = PBXBuildFile; fileRef = 321BE6702381D0B6008750A9 /* NotificationCenter.framework */; };
		321BE6742381D0B6008750A9 /* TodayViewController.swift in Sources */ = {isa = PBXBuildFile; fileRef = 321BE6732381D0B6008750A9 /* TodayViewController.swift */; };
		321BE6772381D0B6008750A9 /* MainInterface.storyboard in Resources */ = {isa = PBXBuildFile; fileRef = 321BE6752381D0B6008750A9 /* MainInterface.storyboard */; };
		321BE67B2381D0B6008750A9 /* widget.appex in Embed App Extensions */ = {isa = PBXBuildFile; fileRef = 321BE66F2381D0B6008750A9 /* widget.appex */; settings = {ATTRIBUTES = (RemoveHeadersOnCopy, ); }; };
		321D3060237EBBC8003780D6 /* SwURL in Frameworks */ = {isa = PBXBuildFile; productRef = 321D305F237EBBC8003780D6 /* SwURL */; };
		321D3062237ED6D9003780D6 /* AuthenticationServices.framework in Frameworks */ = {isa = PBXBuildFile; fileRef = 321D3061237ED6D9003780D6 /* AuthenticationServices.framework */; };
		321D3082237F2E66003780D6 /* UserDetailView.swift in Sources */ = {isa = PBXBuildFile; fileRef = 321D3081237F2E66003780D6 /* UserDetailView.swift */; };
		321F994C241AE2EA00E0E864 /* BarcodeView in Frameworks */ = {isa = PBXBuildFile; productRef = 321F994B241AE2EA00E0E864 /* BarcodeView */; };
		3223079723A6AFD5008CDE0B /* ContinueWithAppleButton.swift in Sources */ = {isa = PBXBuildFile; fileRef = 3223079623A6AFD5008CDE0B /* ContinueWithAppleButton.swift */; };
		325622682382A39E006FEABF /* Localizable.strings in Resources */ = {isa = PBXBuildFile; fileRef = 3256226A2382A39E006FEABF /* Localizable.strings */; };
		3269E85523A4060C002E4724 /* SignInWithAppleButton.swift in Sources */ = {isa = PBXBuildFile; fileRef = 3269E85423A4060C002E4724 /* SignInWithAppleButton.swift */; };
		3278912C238447EC00D21A3D /* RoundedCornerView.swift in Sources */ = {isa = PBXBuildFile; fileRef = 3278912B238447EC00D21A3D /* RoundedCornerView.swift */; };
		328466D023DE3CD700030B47 /* TodaySummary.swift in Sources */ = {isa = PBXBuildFile; fileRef = 328466CF23DE3CD700030B47 /* TodaySummary.swift */; };
		328466D123DE3E5700030B47 /* TodaySummary.swift in Sources */ = {isa = PBXBuildFile; fileRef = 328466CF23DE3CD700030B47 /* TodaySummary.swift */; };
		328466D923DF6E1C00030B47 /* UserNotifications.framework in Frameworks */ = {isa = PBXBuildFile; fileRef = 328466D823DF6E1B00030B47 /* UserNotifications.framework */; };
		328466DB23DF6E1C00030B47 /* UserNotificationsUI.framework in Frameworks */ = {isa = PBXBuildFile; fileRef = 328466DA23DF6E1C00030B47 /* UserNotificationsUI.framework */; };
		328466DE23DF6E1C00030B47 /* NotificationViewController.swift in Sources */ = {isa = PBXBuildFile; fileRef = 328466DD23DF6E1C00030B47 /* NotificationViewController.swift */; };
		328466E123DF6E1C00030B47 /* MainInterface.storyboard in Resources */ = {isa = PBXBuildFile; fileRef = 328466DF23DF6E1C00030B47 /* MainInterface.storyboard */; };
		328466E523DF6E1C00030B47 /* notification.appex in Embed App Extensions */ = {isa = PBXBuildFile; fileRef = 328466D723DF6E1B00030B47 /* notification.appex */; settings = {ATTRIBUTES = (RemoveHeadersOnCopy, ); }; };
		328466EA23DF851A00030B47 /* Helper.swift in Sources */ = {isa = PBXBuildFile; fileRef = 32F70EF1238734A3009ED468 /* Helper.swift */; };
		3292D25E2417E57400BD7AC9 /* DashboardItemView.swift in Sources */ = {isa = PBXBuildFile; fileRef = 3292D25D2417E57400BD7AC9 /* DashboardItemView.swift */; };
		3292D2602417F7A100BD7AC9 /* DashboardBarItemView.swift in Sources */ = {isa = PBXBuildFile; fileRef = 3292D25F2417F7A100BD7AC9 /* DashboardBarItemView.swift */; };
		3292D2622417FA9400BD7AC9 /* DashboardBarItem.swift in Sources */ = {isa = PBXBuildFile; fileRef = 3292D2612417FA9400BD7AC9 /* DashboardBarItem.swift */; };
		32935E3923A27A1C00817678 /* Alamofire in Frameworks */ = {isa = PBXBuildFile; productRef = 32935E3823A27A1C00817678 /* Alamofire */; };
		329CC0B923F306F60002B45F /* GoodsView.swift in Sources */ = {isa = PBXBuildFile; fileRef = 329CC0B823F306F60002B45F /* GoodsView.swift */; };
		329CC0BB23F309CB0002B45F /* Goods.swift in Sources */ = {isa = PBXBuildFile; fileRef = 329CC0BA23F309CB0002B45F /* Goods.swift */; };
		329CC0BD23F313C60002B45F /* GoodView.swift in Sources */ = {isa = PBXBuildFile; fileRef = 329CC0BC23F313C60002B45F /* GoodView.swift */; };
		329D26E2237DDD2700751025 /* AppDelegate.swift in Sources */ = {isa = PBXBuildFile; fileRef = 329D26E1237DDD2700751025 /* AppDelegate.swift */; };
		329D26E4237DDD2700751025 /* SceneDelegate.swift in Sources */ = {isa = PBXBuildFile; fileRef = 329D26E3237DDD2700751025 /* SceneDelegate.swift */; };
		329D26E6237DDD2700751025 /* RootView.swift in Sources */ = {isa = PBXBuildFile; fileRef = 329D26E5237DDD2700751025 /* RootView.swift */; };
		329D26E8237DDD2A00751025 /* Assets.xcassets in Resources */ = {isa = PBXBuildFile; fileRef = 329D26E7237DDD2A00751025 /* Assets.xcassets */; };
		329D26EE237DDD2A00751025 /* LaunchScreen.storyboard in Resources */ = {isa = PBXBuildFile; fileRef = 329D26EC237DDD2A00751025 /* LaunchScreen.storyboard */; };
		329D26F8237DDDB200751025 /* AuthView.swift in Sources */ = {isa = PBXBuildFile; fileRef = 329D26F7237DDDB200751025 /* AuthView.swift */; };
		329D26FD237DDDF900751025 /* SessionManager.swift in Sources */ = {isa = PBXBuildFile; fileRef = 329D26FC237DDDF900751025 /* SessionManager.swift */; };
		329D2705237E92DF00751025 /* User.swift in Sources */ = {isa = PBXBuildFile; fileRef = 329D2704237E92DE00751025 /* User.swift */; };
		32ABB62823E1F5ED00714CA5 /* RoundedCornerView.swift in Sources */ = {isa = PBXBuildFile; fileRef = 3278912B238447EC00D21A3D /* RoundedCornerView.swift */; };
		32C026AD23F6D3C2007E7427 /* GoodAddView.swift in Sources */ = {isa = PBXBuildFile; fileRef = 32C026AC23F6D3C2007E7427 /* GoodAddView.swift */; };
		32C8CACD23F17701000DCB48 /* DashboardView.swift in Sources */ = {isa = PBXBuildFile; fileRef = 32C8CACC23F17701000DCB48 /* DashboardView.swift */; };
		32E5B64023A53CCF0055719B /* User.swift in Sources */ = {isa = PBXBuildFile; fileRef = 329D2704237E92DE00751025 /* User.swift */; };
		32EA7ED123A27CEA00C7625D /* JWT in Frameworks */ = {isa = PBXBuildFile; productRef = 32EA7ED023A27CEA00C7625D /* JWT */; };
		32EA7ED323A27D1D00C7625D /* Alamofire in Frameworks */ = {isa = PBXBuildFile; productRef = 32EA7ED223A27D1D00C7625D /* Alamofire */; };
		32EA7EDA23A2847200C7625D /* Interface.storyboard in Resources */ = {isa = PBXBuildFile; fileRef = 32EA7ED823A2847200C7625D /* Interface.storyboard */; };
		32EA7EE323A2847900C7625D /* watch Extension.appex in Embed App Extensions */ = {isa = PBXBuildFile; fileRef = 32EA7EE223A2847900C7625D /* watch Extension.appex */; settings = {ATTRIBUTES = (RemoveHeadersOnCopy, ); }; };
		32EA7EEA23A2847900C7625D /* HostingController.swift in Sources */ = {isa = PBXBuildFile; fileRef = 32EA7EE923A2847900C7625D /* HostingController.swift */; };
		32EA7EEC23A2847900C7625D /* ExtensionDelegate.swift in Sources */ = {isa = PBXBuildFile; fileRef = 32EA7EEB23A2847900C7625D /* ExtensionDelegate.swift */; };
		32EA7EEE23A2847C00C7625D /* Assets.xcassets in Resources */ = {isa = PBXBuildFile; fileRef = 32EA7EED23A2847C00C7625D /* Assets.xcassets */; };
		32EA7EF523A2847C00C7625D /* watch.app in Embed Watch Content */ = {isa = PBXBuildFile; fileRef = 32EA7ED623A2847200C7625D /* watch.app */; settings = {ATTRIBUTES = (RemoveHeadersOnCopy, ); }; };
		32EA7EFF23A284C700C7625D /* SessionManager.swift in Sources */ = {isa = PBXBuildFile; fileRef = 329D26FC237DDDF900751025 /* SessionManager.swift */; };
		32EA7F0023A284D200C7625D /* Assets.xcassets in Resources */ = {isa = PBXBuildFile; fileRef = 329D26E7237DDD2A00751025 /* Assets.xcassets */; };
		32EA7F0123A284D300C7625D /* Assets.xcassets in Resources */ = {isa = PBXBuildFile; fileRef = 329D26E7237DDD2A00751025 /* Assets.xcassets */; };
		32EA7F0323A2879A00C7625D /* JWT in Frameworks */ = {isa = PBXBuildFile; productRef = 32EA7F0223A2879A00C7625D /* JWT */; };
		32EA7F0723A287DA00C7625D /* Alamofire in Frameworks */ = {isa = PBXBuildFile; productRef = 32EA7F0623A287DA00C7625D /* Alamofire */; };
		32EA7F1123A2951900C7625D /* MainView.swift in Sources */ = {isa = PBXBuildFile; fileRef = 32EA7F1023A2951900C7625D /* MainView.swift */; };
		32EA7F1423A2957200C7625D /* MainView.swift in Sources */ = {isa = PBXBuildFile; fileRef = 329D26F9237DDDC600751025 /* MainView.swift */; };
		32EA7F1723A29B7900C7625D /* AuthView.swift in Sources */ = {isa = PBXBuildFile; fileRef = 32EA7F1623A29B7900C7625D /* AuthView.swift */; };
		32EA7F1A23A2A49300C7625D /* Localizable.strings in Resources */ = {isa = PBXBuildFile; fileRef = 3256226A2382A39E006FEABF /* Localizable.strings */; };
		32EA7F1B23A2AD7C00C7625D /* Helper.swift in Sources */ = {isa = PBXBuildFile; fileRef = 32F70EF1238734A3009ED468 /* Helper.swift */; };
		32EA7F1D23A2BE3000C7625D /* WebSocketConnection.swift in Sources */ = {isa = PBXBuildFile; fileRef = 32EA7F1C23A2BE3000C7625D /* WebSocketConnection.swift */; };
		32EA7F1E23A2BF9C00C7625D /* WebSocketConnection.swift in Sources */ = {isa = PBXBuildFile; fileRef = 32EA7F1C23A2BE3000C7625D /* WebSocketConnection.swift */; };
		32ECBD5023D9FDBD00073415 /* PushNotification.swift in Sources */ = {isa = PBXBuildFile; fileRef = 32ECBD4F23D9FDBD00073415 /* PushNotification.swift */; };
		32F0941E23F6C95000D334A1 /* CarBode in Frameworks */ = {isa = PBXBuildFile; productRef = 32F0941D23F6C95000D334A1 /* CarBode */; };
		32F102FD23F1AAD000AD2FDA /* RootView.swift in Sources */ = {isa = PBXBuildFile; fileRef = 329D26E5237DDD2700751025 /* RootView.swift */; };
		32F102FE23F1B88600AD2FDA /* Localizable.strings in Resources */ = {isa = PBXBuildFile; fileRef = 3256226A2382A39E006FEABF /* Localizable.strings */; };
		32F102FF23F1D24D00AD2FDA /* TodaySummary.swift in Sources */ = {isa = PBXBuildFile; fileRef = 328466CF23DE3CD700030B47 /* TodaySummary.swift */; };
		32F30EFF23E463E10025C296 /* TodaySummary.swift in Sources */ = {isa = PBXBuildFile; fileRef = 328466CF23DE3CD700030B47 /* TodaySummary.swift */; };
		32F30F0023E47F7D0025C296 /* Localizable.strings in Resources */ = {isa = PBXBuildFile; fileRef = 3256226A2382A39E006FEABF /* Localizable.strings */; };
		32F70EF2238734A3009ED468 /* Helper.swift in Sources */ = {isa = PBXBuildFile; fileRef = 32F70EF1238734A3009ED468 /* Helper.swift */; };
		32F70EF32387352E009ED468 /* Helper.swift in Sources */ = {isa = PBXBuildFile; fileRef = 32F70EF1238734A3009ED468 /* Helper.swift */; };
/* End PBXBuildFile section */

/* Begin PBXContainerItemProxy section */
		321BE6792381D0B6008750A9 /* PBXContainerItemProxy */ = {
			isa = PBXContainerItemProxy;
			containerPortal = 329D26D6237DDD2600751025 /* Project object */;
			proxyType = 1;
			remoteGlobalIDString = 321BE66E2381D0B6008750A9;
			remoteInfo = widget;
		};
		328466E323DF6E1C00030B47 /* PBXContainerItemProxy */ = {
			isa = PBXContainerItemProxy;
			containerPortal = 329D26D6237DDD2600751025 /* Project object */;
			proxyType = 1;
			remoteGlobalIDString = 328466D623DF6E1B00030B47;
			remoteInfo = notification;
		};
		32EA7EE423A2847900C7625D /* PBXContainerItemProxy */ = {
			isa = PBXContainerItemProxy;
			containerPortal = 329D26D6237DDD2600751025 /* Project object */;
			proxyType = 1;
			remoteGlobalIDString = 32EA7EE123A2847900C7625D;
			remoteInfo = "watch Extension";
		};
		32EA7EF323A2847C00C7625D /* PBXContainerItemProxy */ = {
			isa = PBXContainerItemProxy;
			containerPortal = 329D26D6237DDD2600751025 /* Project object */;
			proxyType = 1;
			remoteGlobalIDString = 32EA7ED523A2847200C7625D;
			remoteInfo = watch;
		};
/* End PBXContainerItemProxy section */

/* Begin PBXCopyFilesBuildPhase section */
		321BE67C2381D0B6008750A9 /* Embed App Extensions */ = {
			isa = PBXCopyFilesBuildPhase;
			buildActionMask = 2147483647;
			dstPath = "";
			dstSubfolderSpec = 13;
			files = (
				321BE67B2381D0B6008750A9 /* widget.appex in Embed App Extensions */,
				328466E523DF6E1C00030B47 /* notification.appex in Embed App Extensions */,
			);
			name = "Embed App Extensions";
			runOnlyForDeploymentPostprocessing = 0;
		};
		32EA7EF923A2847C00C7625D /* Embed App Extensions */ = {
			isa = PBXCopyFilesBuildPhase;
			buildActionMask = 2147483647;
			dstPath = "";
			dstSubfolderSpec = 13;
			files = (
				32EA7EE323A2847900C7625D /* watch Extension.appex in Embed App Extensions */,
			);
			name = "Embed App Extensions";
			runOnlyForDeploymentPostprocessing = 0;
		};
		32EA7EFD23A2847C00C7625D /* Embed Watch Content */ = {
			isa = PBXCopyFilesBuildPhase;
			buildActionMask = 2147483647;
			dstPath = "$(CONTENTS_FOLDER_PATH)/Watch";
			dstSubfolderSpec = 16;
			files = (
				32EA7EF523A2847C00C7625D /* watch.app in Embed Watch Content */,
			);
			name = "Embed Watch Content";
			runOnlyForDeploymentPostprocessing = 0;
		};
/* End PBXCopyFilesBuildPhase section */

/* Begin PBXFileReference section */
		321BE66F2381D0B6008750A9 /* widget.appex */ = {isa = PBXFileReference; explicitFileType = "wrapper.app-extension"; includeInIndex = 0; path = widget.appex; sourceTree = BUILT_PRODUCTS_DIR; };
		321BE6702381D0B6008750A9 /* NotificationCenter.framework */ = {isa = PBXFileReference; lastKnownFileType = wrapper.framework; name = NotificationCenter.framework; path = System/Library/Frameworks/NotificationCenter.framework; sourceTree = SDKROOT; };
		321BE6732381D0B6008750A9 /* TodayViewController.swift */ = {isa = PBXFileReference; lastKnownFileType = sourcecode.swift; path = TodayViewController.swift; sourceTree = "<group>"; };
		321BE6782381D0B6008750A9 /* Info.plist */ = {isa = PBXFileReference; lastKnownFileType = text.plist.xml; path = Info.plist; sourceTree = "<group>"; };
		321D3061237ED6D9003780D6 /* AuthenticationServices.framework */ = {isa = PBXFileReference; lastKnownFileType = wrapper.framework; name = AuthenticationServices.framework; path = System/Library/Frameworks/AuthenticationServices.framework; sourceTree = SDKROOT; };
		321D3081237F2E66003780D6 /* UserDetailView.swift */ = {isa = PBXFileReference; lastKnownFileType = sourcecode.swift; path = UserDetailView.swift; sourceTree = "<group>"; };
		3223079623A6AFD5008CDE0B /* ContinueWithAppleButton.swift */ = {isa = PBXFileReference; lastKnownFileType = sourcecode.swift; path = ContinueWithAppleButton.swift; sourceTree = "<group>"; };
		3256225F2381DE2A006FEABF /* widget.entitlements */ = {isa = PBXFileReference; lastKnownFileType = text.plist.entitlements; path = widget.entitlements; sourceTree = "<group>"; };
		325622692382A39E006FEABF /* en */ = {isa = PBXFileReference; lastKnownFileType = text.plist.strings; name = en; path = en.lproj/Localizable.strings; sourceTree = "<group>"; };
		3256226B2382A3B5006FEABF /* ru */ = {isa = PBXFileReference; lastKnownFileType = text.plist.strings; name = ru; path = ru.lproj/Localizable.strings; sourceTree = "<group>"; };
		32562293238334C3006FEABF /* en */ = {isa = PBXFileReference; lastKnownFileType = file.storyboard; name = en; path = en.lproj/MainInterface.storyboard; sourceTree = "<group>"; };
		3269E85423A4060C002E4724 /* SignInWithAppleButton.swift */ = {isa = PBXFileReference; lastKnownFileType = sourcecode.swift; path = SignInWithAppleButton.swift; sourceTree = "<group>"; };
		3278912B238447EC00D21A3D /* RoundedCornerView.swift */ = {isa = PBXFileReference; lastKnownFileType = sourcecode.swift; path = RoundedCornerView.swift; sourceTree = "<group>"; };
		328466CF23DE3CD700030B47 /* TodaySummary.swift */ = {isa = PBXFileReference; lastKnownFileType = sourcecode.swift; path = TodaySummary.swift; sourceTree = "<group>"; };
		328466D723DF6E1B00030B47 /* notification.appex */ = {isa = PBXFileReference; explicitFileType = "wrapper.app-extension"; includeInIndex = 0; path = notification.appex; sourceTree = BUILT_PRODUCTS_DIR; };
		328466D823DF6E1B00030B47 /* UserNotifications.framework */ = {isa = PBXFileReference; lastKnownFileType = wrapper.framework; name = UserNotifications.framework; path = System/Library/Frameworks/UserNotifications.framework; sourceTree = SDKROOT; };
		328466DA23DF6E1C00030B47 /* UserNotificationsUI.framework */ = {isa = PBXFileReference; lastKnownFileType = wrapper.framework; name = UserNotificationsUI.framework; path = System/Library/Frameworks/UserNotificationsUI.framework; sourceTree = SDKROOT; };
		328466DD23DF6E1C00030B47 /* NotificationViewController.swift */ = {isa = PBXFileReference; lastKnownFileType = sourcecode.swift; path = NotificationViewController.swift; sourceTree = "<group>"; };
		328466E023DF6E1C00030B47 /* Base */ = {isa = PBXFileReference; lastKnownFileType = file.storyboard; name = Base; path = Base.lproj/MainInterface.storyboard; sourceTree = "<group>"; };
		328466E223DF6E1C00030B47 /* Info.plist */ = {isa = PBXFileReference; lastKnownFileType = text.plist.xml; path = Info.plist; sourceTree = "<group>"; };
		3292D25D2417E57400BD7AC9 /* DashboardItemView.swift */ = {isa = PBXFileReference; lastKnownFileType = sourcecode.swift; path = DashboardItemView.swift; sourceTree = "<group>"; };
		3292D25F2417F7A100BD7AC9 /* DashboardBarItemView.swift */ = {isa = PBXFileReference; lastKnownFileType = sourcecode.swift; path = DashboardBarItemView.swift; sourceTree = "<group>"; };
		3292D2612417FA9400BD7AC9 /* DashboardBarItem.swift */ = {isa = PBXFileReference; lastKnownFileType = sourcecode.swift; path = DashboardBarItem.swift; sourceTree = "<group>"; };
		329CC0B823F306F60002B45F /* GoodsView.swift */ = {isa = PBXFileReference; lastKnownFileType = sourcecode.swift; path = GoodsView.swift; sourceTree = "<group>"; };
		329CC0BA23F309CB0002B45F /* Goods.swift */ = {isa = PBXFileReference; lastKnownFileType = sourcecode.swift; path = Goods.swift; sourceTree = "<group>"; };
		329CC0BC23F313C60002B45F /* GoodView.swift */ = {isa = PBXFileReference; lastKnownFileType = sourcecode.swift; path = GoodView.swift; sourceTree = "<group>"; };
		329D26DE237DDD2700751025 /* Mirrors Photo.app */ = {isa = PBXFileReference; explicitFileType = wrapper.application; includeInIndex = 0; path = "Mirrors Photo.app"; sourceTree = BUILT_PRODUCTS_DIR; };
		329D26E1237DDD2700751025 /* AppDelegate.swift */ = {isa = PBXFileReference; lastKnownFileType = sourcecode.swift; path = AppDelegate.swift; sourceTree = "<group>"; };
		329D26E3237DDD2700751025 /* SceneDelegate.swift */ = {isa = PBXFileReference; lastKnownFileType = sourcecode.swift; path = SceneDelegate.swift; sourceTree = "<group>"; };
		329D26E5237DDD2700751025 /* RootView.swift */ = {isa = PBXFileReference; lastKnownFileType = sourcecode.swift; path = RootView.swift; sourceTree = "<group>"; };
		329D26E7237DDD2A00751025 /* Assets.xcassets */ = {isa = PBXFileReference; lastKnownFileType = folder.assetcatalog; path = Assets.xcassets; sourceTree = "<group>"; };
		329D26ED237DDD2A00751025 /* Base */ = {isa = PBXFileReference; lastKnownFileType = file.storyboard; name = Base; path = Base.lproj/LaunchScreen.storyboard; sourceTree = "<group>"; };
		329D26EF237DDD2A00751025 /* Info.plist */ = {isa = PBXFileReference; lastKnownFileType = text.plist.xml; path = Info.plist; sourceTree = "<group>"; };
		329D26F7237DDDB200751025 /* AuthView.swift */ = {isa = PBXFileReference; lastKnownFileType = sourcecode.swift; path = AuthView.swift; sourceTree = "<group>"; };
		329D26F9237DDDC600751025 /* MainView.swift */ = {isa = PBXFileReference; lastKnownFileType = sourcecode.swift; path = MainView.swift; sourceTree = "<group>"; };
		329D26FC237DDDF900751025 /* SessionManager.swift */ = {isa = PBXFileReference; lastKnownFileType = sourcecode.swift; path = SessionManager.swift; sourceTree = "<group>"; };
		329D2701237DF37900751025 /* ios.entitlements */ = {isa = PBXFileReference; lastKnownFileType = text.plist.entitlements; path = ios.entitlements; sourceTree = "<group>"; };
		329D2704237E92DE00751025 /* User.swift */ = {isa = PBXFileReference; lastKnownFileType = sourcecode.swift; path = User.swift; sourceTree = "<group>"; };
		32C026AC23F6D3C2007E7427 /* GoodAddView.swift */ = {isa = PBXFileReference; lastKnownFileType = sourcecode.swift; path = GoodAddView.swift; sourceTree = "<group>"; };
		32C8CACC23F17701000DCB48 /* DashboardView.swift */ = {isa = PBXFileReference; lastKnownFileType = sourcecode.swift; path = DashboardView.swift; sourceTree = "<group>"; };
		32EA7ED623A2847200C7625D /* watch.app */ = {isa = PBXFileReference; explicitFileType = wrapper.application; includeInIndex = 0; path = watch.app; sourceTree = BUILT_PRODUCTS_DIR; };
		32EA7ED923A2847200C7625D /* Base */ = {isa = PBXFileReference; lastKnownFileType = file.storyboard; name = Base; path = Base.lproj/Interface.storyboard; sourceTree = "<group>"; };
		32EA7EDD23A2847800C7625D /* Info.plist */ = {isa = PBXFileReference; lastKnownFileType = text.plist.xml; path = Info.plist; sourceTree = "<group>"; };
		32EA7EE223A2847900C7625D /* watch Extension.appex */ = {isa = PBXFileReference; explicitFileType = "wrapper.app-extension"; includeInIndex = 0; path = "watch Extension.appex"; sourceTree = BUILT_PRODUCTS_DIR; };
		32EA7EE923A2847900C7625D /* HostingController.swift */ = {isa = PBXFileReference; lastKnownFileType = sourcecode.swift; path = HostingController.swift; sourceTree = "<group>"; };
		32EA7EEB23A2847900C7625D /* ExtensionDelegate.swift */ = {isa = PBXFileReference; lastKnownFileType = sourcecode.swift; path = ExtensionDelegate.swift; sourceTree = "<group>"; };
		32EA7EED23A2847C00C7625D /* Assets.xcassets */ = {isa = PBXFileReference; lastKnownFileType = folder.assetcatalog; path = Assets.xcassets; sourceTree = "<group>"; };
		32EA7EF223A2847C00C7625D /* Info.plist */ = {isa = PBXFileReference; lastKnownFileType = text.plist.xml; path = Info.plist; sourceTree = "<group>"; };
		32EA7F0C23A2922500C7625D /* watch Extension.entitlements */ = {isa = PBXFileReference; lastKnownFileType = text.plist.entitlements; path = "watch Extension.entitlements"; sourceTree = "<group>"; };
		32EA7F0D23A2938000C7625D /* watch.entitlements */ = {isa = PBXFileReference; lastKnownFileType = text.plist.entitlements; path = watch.entitlements; sourceTree = "<group>"; };
		32EA7F1023A2951900C7625D /* MainView.swift */ = {isa = PBXFileReference; lastKnownFileType = sourcecode.swift; path = MainView.swift; sourceTree = "<group>"; };
		32EA7F1623A29B7900C7625D /* AuthView.swift */ = {isa = PBXFileReference; lastKnownFileType = sourcecode.swift; path = AuthView.swift; sourceTree = "<group>"; };
		32EA7F1C23A2BE3000C7625D /* WebSocketConnection.swift */ = {isa = PBXFileReference; lastKnownFileType = sourcecode.swift; path = WebSocketConnection.swift; sourceTree = "<group>"; };
		32ECBD4F23D9FDBD00073415 /* PushNotification.swift */ = {isa = PBXFileReference; lastKnownFileType = sourcecode.swift; path = PushNotification.swift; sourceTree = "<group>"; };
		32F70EF1238734A3009ED468 /* Helper.swift */ = {isa = PBXFileReference; lastKnownFileType = sourcecode.swift; path = Helper.swift; sourceTree = "<group>"; };
/* End PBXFileReference section */

/* Begin PBXFrameworksBuildPhase section */
		321BE66C2381D0B6008750A9 /* Frameworks */ = {
			isa = PBXFrameworksBuildPhase;
			buildActionMask = 2147483647;
			files = (
				32EA7ED323A27D1D00C7625D /* Alamofire in Frameworks */,
				321BE6712381D0B6008750A9 /* NotificationCenter.framework in Frameworks */,
			);
			runOnlyForDeploymentPostprocessing = 0;
		};
		328466D423DF6E1B00030B47 /* Frameworks */ = {
			isa = PBXFrameworksBuildPhase;
			buildActionMask = 2147483647;
			files = (
				328466DB23DF6E1C00030B47 /* UserNotificationsUI.framework in Frameworks */,
				328466D923DF6E1C00030B47 /* UserNotifications.framework in Frameworks */,
			);
			runOnlyForDeploymentPostprocessing = 0;
		};
		329D26DB237DDD2700751025 /* Frameworks */ = {
			isa = PBXFrameworksBuildPhase;
			buildActionMask = 2147483647;
			files = (
				32EA7ED123A27CEA00C7625D /* JWT in Frameworks */,
				32F0941E23F6C95000D334A1 /* CarBode in Frameworks */,
				321F994C241AE2EA00E0E864 /* BarcodeView in Frameworks */,
				32935E3923A27A1C00817678 /* Alamofire in Frameworks */,
				321D3062237ED6D9003780D6 /* AuthenticationServices.framework in Frameworks */,
				321D3060237EBBC8003780D6 /* SwURL in Frameworks */,
			);
			runOnlyForDeploymentPostprocessing = 0;
		};
		32EA7EDF23A2847900C7625D /* Frameworks */ = {
			isa = PBXFrameworksBuildPhase;
			buildActionMask = 2147483647;
			files = (
				32EA7F0723A287DA00C7625D /* Alamofire in Frameworks */,
				32EA7F0323A2879A00C7625D /* JWT in Frameworks */,
			);
			runOnlyForDeploymentPostprocessing = 0;
		};
/* End PBXFrameworksBuildPhase section */

/* Begin PBXGroup section */
		31D49B8D306EA19DCD180C1F /* Frameworks */ = {
			isa = PBXGroup;
			children = (
				321D3061237ED6D9003780D6 /* AuthenticationServices.framework */,
				321BE6702381D0B6008750A9 /* NotificationCenter.framework */,
				328466D823DF6E1B00030B47 /* UserNotifications.framework */,
				328466DA23DF6E1C00030B47 /* UserNotificationsUI.framework */,
			);
			name = Frameworks;
			sourceTree = "<group>";
		};
		321BE6722381D0B6008750A9 /* widget */ = {
			isa = PBXGroup;
			children = (
				3256225F2381DE2A006FEABF /* widget.entitlements */,
				321BE6732381D0B6008750A9 /* TodayViewController.swift */,
				321BE6752381D0B6008750A9 /* MainInterface.storyboard */,
				321BE6782381D0B6008750A9 /* Info.plist */,
				3278912B238447EC00D21A3D /* RoundedCornerView.swift */,
			);
			path = widget;
			sourceTree = "<group>";
		};
		328466C823DDDC2E00030B47 /* UI */ = {
			isa = PBXGroup;
			children = (
			);
			path = UI;
			sourceTree = "<group>";
		};
		328466DC23DF6E1C00030B47 /* notification */ = {
			isa = PBXGroup;
			children = (
				328466DD23DF6E1C00030B47 /* NotificationViewController.swift */,
				328466DF23DF6E1C00030B47 /* MainInterface.storyboard */,
				328466E223DF6E1C00030B47 /* Info.plist */,
			);
			path = notification;
			sourceTree = "<group>";
		};
		3292D25C2417E4FF00BD7AC9 /* Dashboard */ = {
			isa = PBXGroup;
			children = (
				32C8CACC23F17701000DCB48 /* DashboardView.swift */,
				3292D25D2417E57400BD7AC9 /* DashboardItemView.swift */,
				3292D25F2417F7A100BD7AC9 /* DashboardBarItemView.swift */,
			);
			path = Dashboard;
			sourceTree = "<group>";
		};
		329D26D5237DDD2600751025 = {
			isa = PBXGroup;
			children = (
				329D26E0237DDD2700751025 /* ios */,
				321BE6722381D0B6008750A9 /* widget */,
				32EA7ED723A2847200C7625D /* watch */,
				32EA7EE623A2847900C7625D /* watch Extension */,
				328466DC23DF6E1C00030B47 /* notification */,
				329D26DF237DDD2700751025 /* Products */,
				31D49B8D306EA19DCD180C1F /* Frameworks */,
			);
			sourceTree = "<group>";
		};
		329D26DF237DDD2700751025 /* Products */ = {
			isa = PBXGroup;
			children = (
				329D26DE237DDD2700751025 /* Mirrors Photo.app */,
				321BE66F2381D0B6008750A9 /* widget.appex */,
				32EA7ED623A2847200C7625D /* watch.app */,
				32EA7EE223A2847900C7625D /* watch Extension.appex */,
				328466D723DF6E1B00030B47 /* notification.appex */,
			);
			name = Products;
			sourceTree = "<group>";
		};
		329D26E0237DDD2700751025 /* ios */ = {
			isa = PBXGroup;
			children = (
				329D2701237DF37900751025 /* ios.entitlements */,
				329D26FE237DF10600751025 /* Models */,
				329D26FB237DDDE700751025 /* Managers */,
				329D26F6237DDD7100751025 /* Delegates */,
				329D26F5237DDD6C00751025 /* Views */,
				32F70EF1238734A3009ED468 /* Helper.swift */,
				329D26E7237DDD2A00751025 /* Assets.xcassets */,
				329D26EC237DDD2A00751025 /* LaunchScreen.storyboard */,
				329D26EF237DDD2A00751025 /* Info.plist */,
				3256226A2382A39E006FEABF /* Localizable.strings */,
			);
			path = ios;
			sourceTree = "<group>";
		};
		329D26F5237DDD6C00751025 /* Views */ = {
			isa = PBXGroup;
			children = (
				3292D25C2417E4FF00BD7AC9 /* Dashboard */,
				32C026AB23F6D397007E7427 /* Goods */,
				328466C823DDDC2E00030B47 /* UI */,
				329D26E5237DDD2700751025 /* RootView.swift */,
				329D26F7237DDDB200751025 /* AuthView.swift */,
				329D26F9237DDDC600751025 /* MainView.swift */,
				321D3081237F2E66003780D6 /* UserDetailView.swift */,
				3269E85423A4060C002E4724 /* SignInWithAppleButton.swift */,
				3223079623A6AFD5008CDE0B /* ContinueWithAppleButton.swift */,
			);
			path = Views;
			sourceTree = "<group>";
		};
		329D26F6237DDD7100751025 /* Delegates */ = {
			isa = PBXGroup;
			children = (
				329D26E1237DDD2700751025 /* AppDelegate.swift */,
				329D26E3237DDD2700751025 /* SceneDelegate.swift */,
			);
			path = Delegates;
			sourceTree = "<group>";
		};
		329D26FB237DDDE700751025 /* Managers */ = {
			isa = PBXGroup;
			children = (
				329D26FC237DDDF900751025 /* SessionManager.swift */,
				32EA7F1C23A2BE3000C7625D /* WebSocketConnection.swift */,
				32ECBD4F23D9FDBD00073415 /* PushNotification.swift */,
			);
			path = Managers;
			sourceTree = "<group>";
		};
		329D26FE237DF10600751025 /* Models */ = {
			isa = PBXGroup;
			children = (
				329D2704237E92DE00751025 /* User.swift */,
				328466CF23DE3CD700030B47 /* TodaySummary.swift */,
				329CC0BA23F309CB0002B45F /* Goods.swift */,
				3292D2612417FA9400BD7AC9 /* DashboardBarItem.swift */,
			);
			path = Models;
			sourceTree = "<group>";
		};
		32C026AB23F6D397007E7427 /* Goods */ = {
			isa = PBXGroup;
			children = (
				329CC0B823F306F60002B45F /* GoodsView.swift */,
				329CC0BC23F313C60002B45F /* GoodView.swift */,
				32C026AC23F6D3C2007E7427 /* GoodAddView.swift */,
			);
			path = Goods;
			sourceTree = "<group>";
		};
		32EA7ED723A2847200C7625D /* watch */ = {
			isa = PBXGroup;
			children = (
				32EA7F0D23A2938000C7625D /* watch.entitlements */,
				32EA7ED823A2847200C7625D /* Interface.storyboard */,
				32EA7EDD23A2847800C7625D /* Info.plist */,
			);
			path = watch;
			sourceTree = "<group>";
		};
		32EA7EE623A2847900C7625D /* watch Extension */ = {
			isa = PBXGroup;
			children = (
				32EA7F1823A2A1D400C7625D /* Views */,
				32EA7F0C23A2922500C7625D /* watch Extension.entitlements */,
				32EA7EE923A2847900C7625D /* HostingController.swift */,
				32EA7EEB23A2847900C7625D /* ExtensionDelegate.swift */,
				32EA7EED23A2847C00C7625D /* Assets.xcassets */,
				32EA7EF223A2847C00C7625D /* Info.plist */,
			);
			path = "watch Extension";
			sourceTree = "<group>";
		};
		32EA7F1823A2A1D400C7625D /* Views */ = {
			isa = PBXGroup;
			children = (
				32EA7F1023A2951900C7625D /* MainView.swift */,
				32EA7F1623A29B7900C7625D /* AuthView.swift */,
			);
			path = Views;
			sourceTree = "<group>";
		};
/* End PBXGroup section */

/* Begin PBXNativeTarget section */
		321BE66E2381D0B6008750A9 /* widget */ = {
			isa = PBXNativeTarget;
			buildConfigurationList = 321BE67F2381D0B6008750A9 /* Build configuration list for PBXNativeTarget "widget" */;
			buildPhases = (
				321BE66B2381D0B6008750A9 /* Sources */,
				321BE66C2381D0B6008750A9 /* Frameworks */,
				321BE66D2381D0B6008750A9 /* Resources */,
			);
			buildRules = (
			);
			dependencies = (
			);
			name = widget;
			packageProductDependencies = (
				32EA7ED223A27D1D00C7625D /* Alamofire */,
			);
			productName = widget;
			productReference = 321BE66F2381D0B6008750A9 /* widget.appex */;
			productType = "com.apple.product-type.app-extension";
		};
		328466D623DF6E1B00030B47 /* notification */ = {
			isa = PBXNativeTarget;
			buildConfigurationList = 328466E623DF6E1C00030B47 /* Build configuration list for PBXNativeTarget "notification" */;
			buildPhases = (
				328466D323DF6E1B00030B47 /* Sources */,
				328466D423DF6E1B00030B47 /* Frameworks */,
				328466D523DF6E1B00030B47 /* Resources */,
			);
			buildRules = (
			);
			dependencies = (
			);
			name = notification;
			productName = notification;
			productReference = 328466D723DF6E1B00030B47 /* notification.appex */;
			productType = "com.apple.product-type.app-extension";
		};
		329D26DD237DDD2700751025 /* ios */ = {
			isa = PBXNativeTarget;
			buildConfigurationList = 329D26F2237DDD2A00751025 /* Build configuration list for PBXNativeTarget "ios" */;
			buildPhases = (
				329D26DA237DDD2700751025 /* Sources */,
				329D26DB237DDD2700751025 /* Frameworks */,
				329D26DC237DDD2700751025 /* Resources */,
				321BE67C2381D0B6008750A9 /* Embed App Extensions */,
				32EA7EFD23A2847C00C7625D /* Embed Watch Content */,
			);
			buildRules = (
			);
			dependencies = (
				321BE67A2381D0B6008750A9 /* PBXTargetDependency */,
				32EA7EF423A2847C00C7625D /* PBXTargetDependency */,
				328466E423DF6E1C00030B47 /* PBXTargetDependency */,
			);
			name = ios;
			packageProductDependencies = (
				321D305F237EBBC8003780D6 /* SwURL */,
				32935E3823A27A1C00817678 /* Alamofire */,
				32EA7ED023A27CEA00C7625D /* JWT */,
				32F0941D23F6C95000D334A1 /* CarBode */,
				321F994B241AE2EA00E0E864 /* BarcodeView */,
			);
			productName = ios;
			productReference = 329D26DE237DDD2700751025 /* Mirrors Photo.app */;
			productType = "com.apple.product-type.application";
		};
		32EA7ED523A2847200C7625D /* watch */ = {
			isa = PBXNativeTarget;
			buildConfigurationList = 32EA7EFA23A2847C00C7625D /* Build configuration list for PBXNativeTarget "watch" */;
			buildPhases = (
				32EA7ED423A2847200C7625D /* Resources */,
				32EA7EF923A2847C00C7625D /* Embed App Extensions */,
			);
			buildRules = (
			);
			dependencies = (
				32EA7EE523A2847900C7625D /* PBXTargetDependency */,
			);
			name = watch;
			productName = watch;
			productReference = 32EA7ED623A2847200C7625D /* watch.app */;
			productType = "com.apple.product-type.application.watchapp2";
		};
		32EA7EE123A2847900C7625D /* watch Extension */ = {
			isa = PBXNativeTarget;
			buildConfigurationList = 32EA7EF623A2847C00C7625D /* Build configuration list for PBXNativeTarget "watch Extension" */;
			buildPhases = (
				32EA7EDE23A2847900C7625D /* Sources */,
				32EA7EDF23A2847900C7625D /* Frameworks */,
				32EA7EE023A2847900C7625D /* Resources */,
			);
			buildRules = (
			);
			dependencies = (
			);
			name = "watch Extension";
			packageProductDependencies = (
				32EA7F0223A2879A00C7625D /* JWT */,
				32EA7F0623A287DA00C7625D /* Alamofire */,
			);
			productName = "watch Extension";
			productReference = 32EA7EE223A2847900C7625D /* watch Extension.appex */;
			productType = "com.apple.product-type.watchkit2-extension";
		};
/* End PBXNativeTarget section */

/* Begin PBXProject section */
		329D26D6237DDD2600751025 /* Project object */ = {
			isa = PBXProject;
			attributes = {
				LastSwiftUpdateCheck = 1120;
				LastUpgradeCheck = 1120;
				ORGANIZATIONNAME = "Mirror's Photo";
				TargetAttributes = {
					321BE66E2381D0B6008750A9 = {
						CreatedOnToolsVersion = 11.2.1;
					};
					328466D623DF6E1B00030B47 = {
						CreatedOnToolsVersion = 11.2.1;
					};
					329D26DD237DDD2700751025 = {
						CreatedOnToolsVersion = 11.2.1;
					};
					32EA7ED523A2847200C7625D = {
						CreatedOnToolsVersion = 11.2.1;
					};
					32EA7EE123A2847900C7625D = {
						CreatedOnToolsVersion = 11.2.1;
					};
				};
			};
			buildConfigurationList = 329D26D9237DDD2600751025 /* Build configuration list for PBXProject "ios" */;
			compatibilityVersion = "Xcode 9.3";
			developmentRegion = en;
			hasScannedForEncodings = 0;
			knownRegions = (
				en,
				Base,
				ru,
			);
			mainGroup = 329D26D5237DDD2600751025;
			packageReferences = (
				321D305E237EBBC8003780D6 /* XCRemoteSwiftPackageReference "SwURL" */,
				32935E3723A27A1C00817678 /* XCRemoteSwiftPackageReference "Alamofire" */,
				32EA7ECF23A27CEA00C7625D /* XCRemoteSwiftPackageReference "JSONWebToken.swift" */,
				32F0941C23F6C95000D334A1 /* XCRemoteSwiftPackageReference "CarBode-Barcode-Scanner-For-SwiftUI" */,
				321F994A241AE2EA00E0E864 /* XCRemoteSwiftPackageReference "BarcodeView" */,
			);
			productRefGroup = 329D26DF237DDD2700751025 /* Products */;
			projectDirPath = "";
			projectRoot = "";
			targets = (
				329D26DD237DDD2700751025 /* ios */,
				321BE66E2381D0B6008750A9 /* widget */,
				32EA7ED523A2847200C7625D /* watch */,
				32EA7EE123A2847900C7625D /* watch Extension */,
				328466D623DF6E1B00030B47 /* notification */,
			);
		};
/* End PBXProject section */

/* Begin PBXResourcesBuildPhase section */
		321BE66D2381D0B6008750A9 /* Resources */ = {
			isa = PBXResourcesBuildPhase;
			buildActionMask = 2147483647;
			files = (
				321BE6772381D0B6008750A9 /* MainInterface.storyboard in Resources */,
				32F102FE23F1B88600AD2FDA /* Localizable.strings in Resources */,
			);
			runOnlyForDeploymentPostprocessing = 0;
		};
		328466D523DF6E1B00030B47 /* Resources */ = {
			isa = PBXResourcesBuildPhase;
			buildActionMask = 2147483647;
			files = (
				328466E123DF6E1C00030B47 /* MainInterface.storyboard in Resources */,
				32F30F0023E47F7D0025C296 /* Localizable.strings in Resources */,
			);
			runOnlyForDeploymentPostprocessing = 0;
		};
		329D26DC237DDD2700751025 /* Resources */ = {
			isa = PBXResourcesBuildPhase;
			buildActionMask = 2147483647;
			files = (
				329D26EE237DDD2A00751025 /* LaunchScreen.storyboard in Resources */,
				325622682382A39E006FEABF /* Localizable.strings in Resources */,
				329D26E8237DDD2A00751025 /* Assets.xcassets in Resources */,
			);
			runOnlyForDeploymentPostprocessing = 0;
		};
		32EA7ED423A2847200C7625D /* Resources */ = {
			isa = PBXResourcesBuildPhase;
			buildActionMask = 2147483647;
			files = (
				32EA7F0023A284D200C7625D /* Assets.xcassets in Resources */,
				32EA7EDA23A2847200C7625D /* Interface.storyboard in Resources */,
			);
			runOnlyForDeploymentPostprocessing = 0;
		};
		32EA7EE023A2847900C7625D /* Resources */ = {
			isa = PBXResourcesBuildPhase;
			buildActionMask = 2147483647;
			files = (
				32EA7F1A23A2A49300C7625D /* Localizable.strings in Resources */,
				32EA7F0123A284D300C7625D /* Assets.xcassets in Resources */,
				32EA7EEE23A2847C00C7625D /* Assets.xcassets in Resources */,
			);
			runOnlyForDeploymentPostprocessing = 0;
		};
/* End PBXResourcesBuildPhase section */

/* Begin PBXSourcesBuildPhase section */
		321BE66B2381D0B6008750A9 /* Sources */ = {
			isa = PBXSourcesBuildPhase;
			buildActionMask = 2147483647;
			files = (
				32F102FF23F1D24D00AD2FDA /* TodaySummary.swift in Sources */,
				321BE6742381D0B6008750A9 /* TodayViewController.swift in Sources */,
				3278912C238447EC00D21A3D /* RoundedCornerView.swift in Sources */,
				32F70EF32387352E009ED468 /* Helper.swift in Sources */,
			);
			runOnlyForDeploymentPostprocessing = 0;
		};
		328466D323DF6E1B00030B47 /* Sources */ = {
			isa = PBXSourcesBuildPhase;
			buildActionMask = 2147483647;
			files = (
				32F30EFF23E463E10025C296 /* TodaySummary.swift in Sources */,
				328466DE23DF6E1C00030B47 /* NotificationViewController.swift in Sources */,
				328466EA23DF851A00030B47 /* Helper.swift in Sources */,
				32ABB62823E1F5ED00714CA5 /* RoundedCornerView.swift in Sources */,
			);
			runOnlyForDeploymentPostprocessing = 0;
		};
		329D26DA237DDD2700751025 /* Sources */ = {
			isa = PBXSourcesBuildPhase;
			buildActionMask = 2147483647;
			files = (
				3292D25E2417E57400BD7AC9 /* DashboardItemView.swift in Sources */,
				32ECBD5023D9FDBD00073415 /* PushNotification.swift in Sources */,
				329D26E2237DDD2700751025 /* AppDelegate.swift in Sources */,
				32C026AD23F6D3C2007E7427 /* GoodAddView.swift in Sources */,
				329D26E4237DDD2700751025 /* SceneDelegate.swift in Sources */,
				32EA7F1423A2957200C7625D /* MainView.swift in Sources */,
				32F70EF2238734A3009ED468 /* Helper.swift in Sources */,
				3269E85523A4060C002E4724 /* SignInWithAppleButton.swift in Sources */,
				329D26FD237DDDF900751025 /* SessionManager.swift in Sources */,
				329CC0BD23F313C60002B45F /* GoodView.swift in Sources */,
				329D26F8237DDDB200751025 /* AuthView.swift in Sources */,
				328466D023DE3CD700030B47 /* TodaySummary.swift in Sources */,
				321D3082237F2E66003780D6 /* UserDetailView.swift in Sources */,
				3223079723A6AFD5008CDE0B /* ContinueWithAppleButton.swift in Sources */,
				3292D2602417F7A100BD7AC9 /* DashboardBarItemView.swift in Sources */,
				32C8CACD23F17701000DCB48 /* DashboardView.swift in Sources */,
				32EA7F1D23A2BE3000C7625D /* WebSocketConnection.swift in Sources */,
				329D26E6237DDD2700751025 /* RootView.swift in Sources */,
				329D2705237E92DF00751025 /* User.swift in Sources */,
				329CC0BB23F309CB0002B45F /* Goods.swift in Sources */,
				329CC0B923F306F60002B45F /* GoodsView.swift in Sources */,
				3292D2622417FA9400BD7AC9 /* DashboardBarItem.swift in Sources */,
			);
			runOnlyForDeploymentPostprocessing = 0;
		};
		32EA7EDE23A2847900C7625D /* Sources */ = {
			isa = PBXSourcesBuildPhase;
			buildActionMask = 2147483647;
			files = (
				32EA7EEA23A2847900C7625D /* HostingController.swift in Sources */,
				32EA7F1123A2951900C7625D /* MainView.swift in Sources */,
				32EA7F1E23A2BF9C00C7625D /* WebSocketConnection.swift in Sources */,
				32EA7F1723A29B7900C7625D /* AuthView.swift in Sources */,
				32F102FD23F1AAD000AD2FDA /* RootView.swift in Sources */,
				32E5B64023A53CCF0055719B /* User.swift in Sources */,
				32EA7EFF23A284C700C7625D /* SessionManager.swift in Sources */,
				32EA7EEC23A2847900C7625D /* ExtensionDelegate.swift in Sources */,
				328466D123DE3E5700030B47 /* TodaySummary.swift in Sources */,
				32EA7F1B23A2AD7C00C7625D /* Helper.swift in Sources */,
			);
			runOnlyForDeploymentPostprocessing = 0;
		};
/* End PBXSourcesBuildPhase section */

/* Begin PBXTargetDependency section */
		321BE67A2381D0B6008750A9 /* PBXTargetDependency */ = {
			isa = PBXTargetDependency;
			target = 321BE66E2381D0B6008750A9 /* widget */;
			targetProxy = 321BE6792381D0B6008750A9 /* PBXContainerItemProxy */;
		};
		328466E423DF6E1C00030B47 /* PBXTargetDependency */ = {
			isa = PBXTargetDependency;
			target = 328466D623DF6E1B00030B47 /* notification */;
			targetProxy = 328466E323DF6E1C00030B47 /* PBXContainerItemProxy */;
		};
		32EA7EE523A2847900C7625D /* PBXTargetDependency */ = {
			isa = PBXTargetDependency;
			target = 32EA7EE123A2847900C7625D /* watch Extension */;
			targetProxy = 32EA7EE423A2847900C7625D /* PBXContainerItemProxy */;
		};
		32EA7EF423A2847C00C7625D /* PBXTargetDependency */ = {
			isa = PBXTargetDependency;
			target = 32EA7ED523A2847200C7625D /* watch */;
			targetProxy = 32EA7EF323A2847C00C7625D /* PBXContainerItemProxy */;
		};
/* End PBXTargetDependency section */

/* Begin PBXVariantGroup section */
		321BE6752381D0B6008750A9 /* MainInterface.storyboard */ = {
			isa = PBXVariantGroup;
			children = (
				32562293238334C3006FEABF /* en */,
			);
			name = MainInterface.storyboard;
			sourceTree = "<group>";
		};
		3256226A2382A39E006FEABF /* Localizable.strings */ = {
			isa = PBXVariantGroup;
			children = (
				325622692382A39E006FEABF /* en */,
				3256226B2382A3B5006FEABF /* ru */,
			);
			name = Localizable.strings;
			sourceTree = "<group>";
		};
		328466DF23DF6E1C00030B47 /* MainInterface.storyboard */ = {
			isa = PBXVariantGroup;
			children = (
				328466E023DF6E1C00030B47 /* Base */,
			);
			name = MainInterface.storyboard;
			sourceTree = "<group>";
		};
		329D26EC237DDD2A00751025 /* LaunchScreen.storyboard */ = {
			isa = PBXVariantGroup;
			children = (
				329D26ED237DDD2A00751025 /* Base */,
			);
			name = LaunchScreen.storyboard;
			sourceTree = "<group>";
		};
		32EA7ED823A2847200C7625D /* Interface.storyboard */ = {
			isa = PBXVariantGroup;
			children = (
				32EA7ED923A2847200C7625D /* Base */,
			);
			name = Interface.storyboard;
			sourceTree = "<group>";
		};
/* End PBXVariantGroup section */

/* Begin XCBuildConfiguration section */
		321BE67D2381D0B6008750A9 /* Debug */ = {
			isa = XCBuildConfiguration;
			buildSettings = {
				CODE_SIGN_ENTITLEMENTS = widget/widget.entitlements;
				CODE_SIGN_STYLE = Automatic;
				CURRENT_PROJECT_VERSION = 21;
				DEVELOPMENT_TEAM = M85FTR22CA;
				INFOPLIST_FILE = widget/Info.plist;
				IPHONEOS_DEPLOYMENT_TARGET = 13.0;
				LD_RUNPATH_SEARCH_PATHS = (
					"$(inherited)",
					"@executable_path/Frameworks",
					"@executable_path/../../Frameworks",
				);
				MARKETING_VERSION = 0.7.1;
				PRODUCT_BUNDLE_IDENTIFIER = com.mirrors.ios.widget;
				PRODUCT_NAME = "$(TARGET_NAME)";
				SKIP_INSTALL = YES;
				SWIFT_VERSION = 5.0;
				TARGETED_DEVICE_FAMILY = "1,2";
			};
			name = Debug;
		};
		321BE67E2381D0B6008750A9 /* Release */ = {
			isa = XCBuildConfiguration;
			buildSettings = {
				CODE_SIGN_ENTITLEMENTS = widget/widget.entitlements;
				CODE_SIGN_STYLE = Automatic;
				CURRENT_PROJECT_VERSION = 21;
				DEVELOPMENT_TEAM = M85FTR22CA;
				INFOPLIST_FILE = widget/Info.plist;
				IPHONEOS_DEPLOYMENT_TARGET = 13.0;
				LD_RUNPATH_SEARCH_PATHS = (
					"$(inherited)",
					"@executable_path/Frameworks",
					"@executable_path/../../Frameworks",
				);
				MARKETING_VERSION = 0.7.1;
				PRODUCT_BUNDLE_IDENTIFIER = com.mirrors.ios.widget;
				PRODUCT_NAME = "$(TARGET_NAME)";
				SKIP_INSTALL = YES;
				SWIFT_VERSION = 5.0;
				TARGETED_DEVICE_FAMILY = "1,2";
			};
			name = Release;
		};
		328466E723DF6E1C00030B47 /* Debug */ = {
			isa = XCBuildConfiguration;
			buildSettings = {
				CODE_SIGN_STYLE = Automatic;
				CURRENT_PROJECT_VERSION = 21;
				DEVELOPMENT_TEAM = M85FTR22CA;
				INFOPLIST_FILE = notification/Info.plist;
				IPHONEOS_DEPLOYMENT_TARGET = 13.0;
				LD_RUNPATH_SEARCH_PATHS = (
					"$(inherited)",
					"@executable_path/Frameworks",
					"@executable_path/../../Frameworks",
				);
				MARKETING_VERSION = 0.7.1;
				PRODUCT_BUNDLE_IDENTIFIER = com.mirrors.ios.notification;
				PRODUCT_NAME = "$(TARGET_NAME)";
				SKIP_INSTALL = YES;
				SWIFT_VERSION = 5.0;
				TARGETED_DEVICE_FAMILY = "1,2";
			};
			name = Debug;
		};
		328466E823DF6E1C00030B47 /* Release */ = {
			isa = XCBuildConfiguration;
			buildSettings = {
				CODE_SIGN_STYLE = Automatic;
				CURRENT_PROJECT_VERSION = 21;
				DEVELOPMENT_TEAM = M85FTR22CA;
				INFOPLIST_FILE = notification/Info.plist;
				IPHONEOS_DEPLOYMENT_TARGET = 13.0;
				LD_RUNPATH_SEARCH_PATHS = (
					"$(inherited)",
					"@executable_path/Frameworks",
					"@executable_path/../../Frameworks",
				);
				MARKETING_VERSION = 0.7.1;
				PRODUCT_BUNDLE_IDENTIFIER = com.mirrors.ios.notification;
				PRODUCT_NAME = "$(TARGET_NAME)";
				SKIP_INSTALL = YES;
				SWIFT_VERSION = 5.0;
				TARGETED_DEVICE_FAMILY = "1,2";
			};
			name = Release;
		};
		329D26F0237DDD2A00751025 /* Debug */ = {
			isa = XCBuildConfiguration;
			buildSettings = {
				ALWAYS_SEARCH_USER_PATHS = NO;
				CLANG_ANALYZER_LOCALIZABILITY_NONLOCALIZED = YES;
				CLANG_ANALYZER_NONNULL = YES;
				CLANG_ANALYZER_NUMBER_OBJECT_CONVERSION = YES_AGGRESSIVE;
				CLANG_CXX_LANGUAGE_STANDARD = "gnu++14";
				CLANG_CXX_LIBRARY = "libc++";
				CLANG_ENABLE_MODULES = YES;
				CLANG_ENABLE_OBJC_ARC = YES;
				CLANG_ENABLE_OBJC_WEAK = YES;
				CLANG_WARN_BLOCK_CAPTURE_AUTORELEASING = YES;
				CLANG_WARN_BOOL_CONVERSION = YES;
				CLANG_WARN_COMMA = YES;
				CLANG_WARN_CONSTANT_CONVERSION = YES;
				CLANG_WARN_DEPRECATED_OBJC_IMPLEMENTATIONS = YES;
				CLANG_WARN_DIRECT_OBJC_ISA_USAGE = YES_ERROR;
				CLANG_WARN_DOCUMENTATION_COMMENTS = YES;
				CLANG_WARN_EMPTY_BODY = YES;
				CLANG_WARN_ENUM_CONVERSION = YES;
				CLANG_WARN_INFINITE_RECURSION = YES;
				CLANG_WARN_INT_CONVERSION = YES;
				CLANG_WARN_NON_LITERAL_NULL_CONVERSION = YES;
				CLANG_WARN_OBJC_IMPLICIT_RETAIN_SELF = YES;
				CLANG_WARN_OBJC_LITERAL_CONVERSION = YES;
				CLANG_WARN_OBJC_ROOT_CLASS = YES_ERROR;
				CLANG_WARN_RANGE_LOOP_ANALYSIS = YES;
				CLANG_WARN_STRICT_PROTOTYPES = YES;
				CLANG_WARN_SUSPICIOUS_MOVE = YES;
				CLANG_WARN_UNGUARDED_AVAILABILITY = YES_AGGRESSIVE;
				CLANG_WARN_UNREACHABLE_CODE = YES;
				CLANG_WARN__DUPLICATE_METHOD_MATCH = YES;
				COPY_PHASE_STRIP = NO;
				DEBUG_INFORMATION_FORMAT = dwarf;
				ENABLE_STRICT_OBJC_MSGSEND = YES;
				ENABLE_TESTABILITY = YES;
				GCC_C_LANGUAGE_STANDARD = gnu11;
				GCC_DYNAMIC_NO_PIC = NO;
				GCC_NO_COMMON_BLOCKS = YES;
				GCC_OPTIMIZATION_LEVEL = 0;
				GCC_PREPROCESSOR_DEFINITIONS = (
					"DEBUG=1",
					"$(inherited)",
				);
				GCC_WARN_64_TO_32_BIT_CONVERSION = YES;
				GCC_WARN_ABOUT_RETURN_TYPE = YES_ERROR;
				GCC_WARN_UNDECLARED_SELECTOR = YES;
				GCC_WARN_UNINITIALIZED_AUTOS = YES_AGGRESSIVE;
				GCC_WARN_UNUSED_FUNCTION = YES;
				GCC_WARN_UNUSED_VARIABLE = YES;
				IPHONEOS_DEPLOYMENT_TARGET = 13.0;
				MTL_ENABLE_DEBUG_INFO = INCLUDE_SOURCE;
				MTL_FAST_MATH = YES;
				ONLY_ACTIVE_ARCH = YES;
				SDKROOT = iphoneos;
				SWIFT_ACTIVE_COMPILATION_CONDITIONS = DEBUG;
				SWIFT_OPTIMIZATION_LEVEL = "-Onone";
			};
			name = Debug;
		};
		329D26F1237DDD2A00751025 /* Release */ = {
			isa = XCBuildConfiguration;
			buildSettings = {
				ALWAYS_SEARCH_USER_PATHS = NO;
				CLANG_ANALYZER_LOCALIZABILITY_NONLOCALIZED = YES;
				CLANG_ANALYZER_NONNULL = YES;
				CLANG_ANALYZER_NUMBER_OBJECT_CONVERSION = YES_AGGRESSIVE;
				CLANG_CXX_LANGUAGE_STANDARD = "gnu++14";
				CLANG_CXX_LIBRARY = "libc++";
				CLANG_ENABLE_MODULES = YES;
				CLANG_ENABLE_OBJC_ARC = YES;
				CLANG_ENABLE_OBJC_WEAK = YES;
				CLANG_WARN_BLOCK_CAPTURE_AUTORELEASING = YES;
				CLANG_WARN_BOOL_CONVERSION = YES;
				CLANG_WARN_COMMA = YES;
				CLANG_WARN_CONSTANT_CONVERSION = YES;
				CLANG_WARN_DEPRECATED_OBJC_IMPLEMENTATIONS = YES;
				CLANG_WARN_DIRECT_OBJC_ISA_USAGE = YES_ERROR;
				CLANG_WARN_DOCUMENTATION_COMMENTS = YES;
				CLANG_WARN_EMPTY_BODY = YES;
				CLANG_WARN_ENUM_CONVERSION = YES;
				CLANG_WARN_INFINITE_RECURSION = YES;
				CLANG_WARN_INT_CONVERSION = YES;
				CLANG_WARN_NON_LITERAL_NULL_CONVERSION = YES;
				CLANG_WARN_OBJC_IMPLICIT_RETAIN_SELF = YES;
				CLANG_WARN_OBJC_LITERAL_CONVERSION = YES;
				CLANG_WARN_OBJC_ROOT_CLASS = YES_ERROR;
				CLANG_WARN_RANGE_LOOP_ANALYSIS = YES;
				CLANG_WARN_STRICT_PROTOTYPES = YES;
				CLANG_WARN_SUSPICIOUS_MOVE = YES;
				CLANG_WARN_UNGUARDED_AVAILABILITY = YES_AGGRESSIVE;
				CLANG_WARN_UNREACHABLE_CODE = YES;
				CLANG_WARN__DUPLICATE_METHOD_MATCH = YES;
				COPY_PHASE_STRIP = NO;
				DEBUG_INFORMATION_FORMAT = "dwarf-with-dsym";
				ENABLE_NS_ASSERTIONS = NO;
				ENABLE_STRICT_OBJC_MSGSEND = YES;
				GCC_C_LANGUAGE_STANDARD = gnu11;
				GCC_NO_COMMON_BLOCKS = YES;
				GCC_WARN_64_TO_32_BIT_CONVERSION = YES;
				GCC_WARN_ABOUT_RETURN_TYPE = YES_ERROR;
				GCC_WARN_UNDECLARED_SELECTOR = YES;
				GCC_WARN_UNINITIALIZED_AUTOS = YES_AGGRESSIVE;
				GCC_WARN_UNUSED_FUNCTION = YES;
				GCC_WARN_UNUSED_VARIABLE = YES;
				IPHONEOS_DEPLOYMENT_TARGET = 13.0;
				MTL_ENABLE_DEBUG_INFO = NO;
				MTL_FAST_MATH = YES;
				SDKROOT = iphoneos;
				SWIFT_COMPILATION_MODE = wholemodule;
				SWIFT_OPTIMIZATION_LEVEL = "-O";
				VALIDATE_PRODUCT = YES;
			};
			name = Release;
		};
		329D26F3237DDD2A00751025 /* Debug */ = {
			isa = XCBuildConfiguration;
			buildSettings = {
				ALWAYS_EMBED_SWIFT_STANDARD_LIBRARIES = YES;
				ASSETCATALOG_COMPILER_APPICON_NAME = AppIcon;
				CODE_SIGN_ENTITLEMENTS = ios/ios.entitlements;
				CODE_SIGN_STYLE = Automatic;
				CURRENT_PROJECT_VERSION = 21;
				DEVELOPMENT_ASSET_PATHS = "";
				DEVELOPMENT_TEAM = M85FTR22CA;
				ENABLE_PREVIEWS = YES;
				INFOPLIST_FILE = ios/Info.plist;
				IPHONEOS_DEPLOYMENT_TARGET = 13.0;
				LD_RUNPATH_SEARCH_PATHS = (
					"$(inherited)",
					"@executable_path/Frameworks",
				);
				MARKETING_VERSION = 0.7.1;
				PRODUCT_BUNDLE_IDENTIFIER = com.mirrors.ios;
				PRODUCT_NAME = "Mirrors Photo";
				SWIFT_VERSION = 5.0;
				TARGETED_DEVICE_FAMILY = "1,2";
			};
			name = Debug;
		};
		329D26F4237DDD2A00751025 /* Release */ = {
			isa = XCBuildConfiguration;
			buildSettings = {
				ALWAYS_EMBED_SWIFT_STANDARD_LIBRARIES = YES;
				ASSETCATALOG_COMPILER_APPICON_NAME = AppIcon;
				CODE_SIGN_ENTITLEMENTS = ios/ios.entitlements;
				CODE_SIGN_STYLE = Automatic;
				CURRENT_PROJECT_VERSION = 21;
				DEVELOPMENT_ASSET_PATHS = "";
				DEVELOPMENT_TEAM = M85FTR22CA;
				ENABLE_PREVIEWS = YES;
				INFOPLIST_FILE = ios/Info.plist;
				IPHONEOS_DEPLOYMENT_TARGET = 13.0;
				LD_RUNPATH_SEARCH_PATHS = (
					"$(inherited)",
					"@executable_path/Frameworks",
				);
				MARKETING_VERSION = 0.7.1;
				PRODUCT_BUNDLE_IDENTIFIER = com.mirrors.ios;
				PRODUCT_NAME = "Mirrors Photo";
				SWIFT_VERSION = 5.0;
				TARGETED_DEVICE_FAMILY = "1,2";
			};
			name = Release;
		};
		32EA7EF723A2847C00C7625D /* Debug */ = {
			isa = XCBuildConfiguration;
			buildSettings = {
				ASSETCATALOG_COMPILER_COMPLICATION_NAME = Complication;
				CODE_SIGN_ENTITLEMENTS = "watch Extension/watch Extension.entitlements";
				CODE_SIGN_STYLE = Automatic;
				CURRENT_PROJECT_VERSION = 21;
				DEVELOPMENT_ASSET_PATHS = "";
				DEVELOPMENT_TEAM = M85FTR22CA;
				ENABLE_PREVIEWS = YES;
				INFOPLIST_FILE = "watch Extension/Info.plist";
				LD_RUNPATH_SEARCH_PATHS = (
					"$(inherited)",
					"@executable_path/Frameworks",
					"@executable_path/../../Frameworks",
				);
				MARKETING_VERSION = 0.7.1;
				PRODUCT_BUNDLE_IDENTIFIER = com.mirrors.ios.watchkitapp.watchkitextension;
				PRODUCT_NAME = "${TARGET_NAME}";
				SDKROOT = watchos;
				SKIP_INSTALL = YES;
				SWIFT_VERSION = 5.0;
				TARGETED_DEVICE_FAMILY = 4;
				WATCHOS_DEPLOYMENT_TARGET = 6.0;
			};
			name = Debug;
		};
		32EA7EF823A2847C00C7625D /* Release */ = {
			isa = XCBuildConfiguration;
			buildSettings = {
				ASSETCATALOG_COMPILER_COMPLICATION_NAME = Complication;
				CODE_SIGN_ENTITLEMENTS = "watch Extension/watch Extension.entitlements";
				CODE_SIGN_STYLE = Automatic;
				CURRENT_PROJECT_VERSION = 21;
				DEVELOPMENT_ASSET_PATHS = "";
				DEVELOPMENT_TEAM = M85FTR22CA;
				ENABLE_PREVIEWS = YES;
				INFOPLIST_FILE = "watch Extension/Info.plist";
				LD_RUNPATH_SEARCH_PATHS = (
					"$(inherited)",
					"@executable_path/Frameworks",
					"@executable_path/../../Frameworks",
				);
				MARKETING_VERSION = 0.7.1;
				PRODUCT_BUNDLE_IDENTIFIER = com.mirrors.ios.watchkitapp.watchkitextension;
				PRODUCT_NAME = "${TARGET_NAME}";
				SDKROOT = watchos;
				SKIP_INSTALL = YES;
				SWIFT_VERSION = 5.0;
				TARGETED_DEVICE_FAMILY = 4;
				WATCHOS_DEPLOYMENT_TARGET = 6.0;
			};
			name = Release;
		};
		32EA7EFB23A2847C00C7625D /* Debug */ = {
			isa = XCBuildConfiguration;
			buildSettings = {
				ALWAYS_EMBED_SWIFT_STANDARD_LIBRARIES = YES;
				ASSETCATALOG_COMPILER_APPICON_NAME = AppIcon;
				CODE_SIGN_ENTITLEMENTS = watch/watch.entitlements;
				CODE_SIGN_STYLE = Automatic;
				CURRENT_PROJECT_VERSION = 21;
				DEVELOPMENT_TEAM = M85FTR22CA;
				IBSC_MODULE = watch_Extension;
				INFOPLIST_FILE = watch/Info.plist;
				MARKETING_VERSION = 0.7.1;
				PRODUCT_BUNDLE_IDENTIFIER = com.mirrors.ios.watchkitapp;
				PRODUCT_NAME = "$(TARGET_NAME)";
				SDKROOT = watchos;
				SKIP_INSTALL = YES;
				SWIFT_VERSION = 5.0;
				TARGETED_DEVICE_FAMILY = 4;
				WATCHOS_DEPLOYMENT_TARGET = 6.0;
			};
			name = Debug;
		};
		32EA7EFC23A2847C00C7625D /* Release */ = {
			isa = XCBuildConfiguration;
			buildSettings = {
				ALWAYS_EMBED_SWIFT_STANDARD_LIBRARIES = YES;
				ASSETCATALOG_COMPILER_APPICON_NAME = AppIcon;
				CODE_SIGN_ENTITLEMENTS = watch/watch.entitlements;
				CODE_SIGN_STYLE = Automatic;
				CURRENT_PROJECT_VERSION = 21;
				DEVELOPMENT_TEAM = M85FTR22CA;
				IBSC_MODULE = watch_Extension;
				INFOPLIST_FILE = watch/Info.plist;
				MARKETING_VERSION = 0.7.1;
				PRODUCT_BUNDLE_IDENTIFIER = com.mirrors.ios.watchkitapp;
				PRODUCT_NAME = "$(TARGET_NAME)";
				SDKROOT = watchos;
				SKIP_INSTALL = YES;
				SWIFT_VERSION = 5.0;
				TARGETED_DEVICE_FAMILY = 4;
				WATCHOS_DEPLOYMENT_TARGET = 6.0;
			};
			name = Release;
		};
/* End XCBuildConfiguration section */

/* Begin XCConfigurationList section */
		321BE67F2381D0B6008750A9 /* Build configuration list for PBXNativeTarget "widget" */ = {
			isa = XCConfigurationList;
			buildConfigurations = (
				321BE67D2381D0B6008750A9 /* Debug */,
				321BE67E2381D0B6008750A9 /* Release */,
			);
			defaultConfigurationIsVisible = 0;
			defaultConfigurationName = Release;
		};
		328466E623DF6E1C00030B47 /* Build configuration list for PBXNativeTarget "notification" */ = {
			isa = XCConfigurationList;
			buildConfigurations = (
				328466E723DF6E1C00030B47 /* Debug */,
				328466E823DF6E1C00030B47 /* Release */,
			);
			defaultConfigurationIsVisible = 0;
			defaultConfigurationName = Release;
		};
		329D26D9237DDD2600751025 /* Build configuration list for PBXProject "ios" */ = {
			isa = XCConfigurationList;
			buildConfigurations = (
				329D26F0237DDD2A00751025 /* Debug */,
				329D26F1237DDD2A00751025 /* Release */,
			);
			defaultConfigurationIsVisible = 0;
			defaultConfigurationName = Release;
		};
		329D26F2237DDD2A00751025 /* Build configuration list for PBXNativeTarget "ios" */ = {
			isa = XCConfigurationList;
			buildConfigurations = (
				329D26F3237DDD2A00751025 /* Debug */,
				329D26F4237DDD2A00751025 /* Release */,
			);
			defaultConfigurationIsVisible = 0;
			defaultConfigurationName = Release;
		};
		32EA7EF623A2847C00C7625D /* Build configuration list for PBXNativeTarget "watch Extension" */ = {
			isa = XCConfigurationList;
			buildConfigurations = (
				32EA7EF723A2847C00C7625D /* Debug */,
				32EA7EF823A2847C00C7625D /* Release */,
			);
			defaultConfigurationIsVisible = 0;
			defaultConfigurationName = Release;
		};
		32EA7EFA23A2847C00C7625D /* Build configuration list for PBXNativeTarget "watch" */ = {
			isa = XCConfigurationList;
			buildConfigurations = (
				32EA7EFB23A2847C00C7625D /* Debug */,
				32EA7EFC23A2847C00C7625D /* Release */,
			);
			defaultConfigurationIsVisible = 0;
			defaultConfigurationName = Release;
		};
/* End XCConfigurationList section */

/* Begin XCRemoteSwiftPackageReference section */
		321D305E237EBBC8003780D6 /* XCRemoteSwiftPackageReference "SwURL" */ = {
			isa = XCRemoteSwiftPackageReference;
			repositoryURL = "https://github.com/cmtrounce/SwURL";
			requirement = {
				kind = upToNextMajorVersion;
				minimumVersion = 0.2.2;
			};
		};
		321F994A241AE2EA00E0E864 /* XCRemoteSwiftPackageReference "BarcodeView" */ = {
			isa = XCRemoteSwiftPackageReference;
			repositoryURL = "https://github.com/nrivard/BarcodeView.git";
			requirement = {
				kind = upToNextMajorVersion;
				minimumVersion = 0.1.1;
			};
		};
		32935E3723A27A1C00817678 /* XCRemoteSwiftPackageReference "Alamofire" */ = {
			isa = XCRemoteSwiftPackageReference;
			repositoryURL = "https://github.com/Alamofire/Alamofire.git";
			requirement = {
				kind = upToNextMajorVersion;
				minimumVersion = 4.9.1;
			};
		};
		32EA7ECF23A27CEA00C7625D /* XCRemoteSwiftPackageReference "JSONWebToken.swift" */ = {
			isa = XCRemoteSwiftPackageReference;
			repositoryURL = "https://github.com/kylef/JSONWebToken.swift.git";
			requirement = {
				branch = master;
				kind = branch;
			};
		};
		32F0941C23F6C95000D334A1 /* XCRemoteSwiftPackageReference "CarBode-Barcode-Scanner-For-SwiftUI" */ = {
			isa = XCRemoteSwiftPackageReference;
			repositoryURL = "https://github.com/heart/CarBode-Barcode-Scanner-For-SwiftUI";
			requirement = {
				kind = upToNextMajorVersion;
				minimumVersion = 1.3.0;
			};
		};
/* End XCRemoteSwiftPackageReference section */

/* Begin XCSwiftPackageProductDependency section */
		321D305F237EBBC8003780D6 /* SwURL */ = {
			isa = XCSwiftPackageProductDependency;
			package = 321D305E237EBBC8003780D6 /* XCRemoteSwiftPackageReference "SwURL" */;
			productName = SwURL;
		};
		321F994B241AE2EA00E0E864 /* BarcodeView */ = {
			isa = XCSwiftPackageProductDependency;
			package = 321F994A241AE2EA00E0E864 /* XCRemoteSwiftPackageReference "BarcodeView" */;
			productName = BarcodeView;
		};
		32935E3823A27A1C00817678 /* Alamofire */ = {
			isa = XCSwiftPackageProductDependency;
			package = 32935E3723A27A1C00817678 /* XCRemoteSwiftPackageReference "Alamofire" */;
			productName = Alamofire;
		};
		32EA7ED023A27CEA00C7625D /* JWT */ = {
			isa = XCSwiftPackageProductDependency;
			package = 32EA7ECF23A27CEA00C7625D /* XCRemoteSwiftPackageReference "JSONWebToken.swift" */;
			productName = JWT;
		};
		32EA7ED223A27D1D00C7625D /* Alamofire */ = {
			isa = XCSwiftPackageProductDependency;
			package = 32935E3723A27A1C00817678 /* XCRemoteSwiftPackageReference "Alamofire" */;
			productName = Alamofire;
		};
		32EA7F0223A2879A00C7625D /* JWT */ = {
			isa = XCSwiftPackageProductDependency;
			package = 32EA7ECF23A27CEA00C7625D /* XCRemoteSwiftPackageReference "JSONWebToken.swift" */;
			productName = JWT;
		};
		32EA7F0623A287DA00C7625D /* Alamofire */ = {
			isa = XCSwiftPackageProductDependency;
			package = 32935E3723A27A1C00817678 /* XCRemoteSwiftPackageReference "Alamofire" */;
			productName = Alamofire;
		};
		32F0941D23F6C95000D334A1 /* CarBode */ = {
			isa = XCSwiftPackageProductDependency;
			package = 32F0941C23F6C95000D334A1 /* XCRemoteSwiftPackageReference "CarBode-Barcode-Scanner-For-SwiftUI" */;
			productName = CarBode;
		};
/* End XCSwiftPackageProductDependency section */
	};
	rootObject = 329D26D6237DDD2600751025 /* Project object */;
}
